{
    "_meta": {
        "hash": {
            "sha256": "c80c54c0c62b1bcb5a3e1b8aba81625f786e074bce9b18b20192a9586fe83d6f"
        },
        "pipfile-spec": 6,
        "requires": {
            "python_full_version": "3.10.6",
            "python_version": "3.10"
        },
        "sources": [
            {
                "name": "pypi",
                "url": "https://pypi.org/simple",
                "verify_ssl": true
            }
        ]
    },
    "default": {},
    "develop": {}
}
